{
  "pins" : [
    {
      "identity" : "bluecryptor",
      "kind" : "remoteSourceControl",
      "location" : "https://github.com/Kitura/BlueCryptor.git",
      "state" : {
        "revision" : "88fc6e132f41ece53e49acc0e4f67b0331c15b90",
        "version" : "2.0.1"
      }
    },
    {
      "identity" : "blueecc",
      "kind" : "remoteSourceControl",
      "location" : "https://github.com/Kitura/BlueECC.git",
      "state" : {
        "revision" : "baf6ed3fc1a622675f0041b4aff7c02dd1a93818",
        "version" : "1.2.200"
      }
    },
    {
      "identity" : "bluersa",
      "kind" : "remoteSourceControl",
      "location" : "https://github.com/Kitura/BlueRSA.git",
      "state" : {
        "revision" : "440f78db26d8bb073f29590f1c7bd31004da09ae",
        "version" : "1.0.201"
      }
    },
    {
      "identity" : "bluesignals",
      "kind" : "remoteSourceControl",
      "location" : "https://github.com/IBM-Swift/BlueSignals.git",
      "state" : {
        "revision" : "4beb435474b01e830d1b55eead5f4c9e0d2877aa",
        "version" : "2.0.1"
      }
    },
    {
      "identity" : "keychainaccess",
      "kind" : "remoteSourceControl",
      "location" : "https://github.com/kishikawakatsumi/KeychainAccess.git",
      "state" : {
        "revision" : "84e546727d66f1adc5439debad16270d0fdd04e7",
        "version" : "4.2.2"
      }
    },
    {
      "identity" : "kituracontracts",
      "kind" : "remoteSourceControl",
      "location" : "https://github.com/Kitura/KituraContracts.git",
      "state" : {
        "revision" : "8a4778c3aa7833e9e1af884e8819d436c237cd70",
        "version" : "1.2.201"
      }
    },
    {
      "identity" : "loggerapi",
      "kind" : "remoteSourceControl",
      "location" : "https://github.com/Kitura/LoggerAPI.git",
      "state" : {
        "revision" : "e82d34eab3f0b05391082b11ea07d3b70d2f65bb",
        "version" : "1.9.200"
      }
    },
    {
      "identity" : "swift-jwt",
      "kind" : "remoteSourceControl",
      "location" : "https://github.com/IBM-Swift/Swift-JWT.git",
      "state" : {
        "revision" : "47c6384b6923e9bb1f214d2ba4bd52af39440588",
        "version" : "3.6.201"
      }
    },
    {
      "identity" : "swift-log",
      "kind" : "remoteSourceControl",
      "location" : "https://github.com/apple/swift-log.git",
      "state" : {
        "revision" : "5d66f7ba25daf4f94100e7022febf3c75e37a6c7",
        "version" : "1.4.2"
      }
    },
    {
      "identity" : "swiftymarkdown",
      "kind" : "remoteSourceControl",
      "location" : "https://github.com/SimonFairbairn/SwiftyMarkdown",
      "state" : {
        "revision" : "dde451ab4ed9b77b328e21baa471fdfa0cf61369",
        "version" : "1.2.4"
      }
    }
  ],
  "version" : 2
}
